
Microsoft Visual Studio Solution File, Format Version 12.00
# Visual Studio Version 17
VisualStudioVersion = 17.0.31919.166
MinimumVisualStudioVersion = 10.0.40219.1
Project("{2150E333-8FDC-42A3-9474-1A3956D46DE8}") = "src", "src", "{827E0CD3-B72D-47B6-A68D-7590B98EB39B}"
EndProject
Project("{FAE04EC0-301F-11D3-BF4B-00C04F79EFBC}") = "Ucu.Andis.ArchitectureMetrics", "src\Ucu.Andis.ArchitectureMetrics.csproj", "{C493F6E3-3ABF-4A76-9A17-818BC65EC133}"
EndProject
Project("{2150E333-8FDC-42A3-9474-1A3956D46DE8}") = "tests", "tests", "{0AB3BF05-4346-4AA6-1389-037BE0695223}"
EndProject
Project("{FAE04EC0-301F-11D3-BF4B-00C04F79EFBC}") = "Ucu.Andis.ArchitectureMetrics.Tests", "tests\Ucu.Andis.ArchitectureMetrics.Tests.csproj", "{1BC36C3C-5C63-4009-BC41-581E3FCB3186}"
EndProject
Global
	GlobalSection(SolutionConfigurationPlatforms) = preSolution
		Debug|Any CPU = Debug|Any CPU
		Debug|x64 = Debug|x64
		Debug|x86 = Debug|x86
		Release|Any CPU = Release|Any CPU
		Release|x64 = Release|x64
		Release|x86 = Release|x86
	EndGlobalSection
	GlobalSection(ProjectConfigurationPlatforms) = postSolution
		{C493F6E3-3ABF-4A76-9A17-818BC65EC133}.Debug|Any CPU.ActiveCfg = Debug|Any CPU
		{C493F6E3-3ABF-4A76-9A17-818BC65EC133}.Debug|Any CPU.Build.0 = Debug|Any CPU
		{C493F6E3-3ABF-4A76-9A17-818BC65EC133}.Debug|x64.ActiveCfg = Debug|Any CPU
		{C493F6E3-3ABF-4A76-9A17-818BC65EC133}.Debug|x64.Build.0 = Debug|Any CPU
		{C493F6E3-3ABF-4A76-9A17-818BC65EC133}.Debug|x86.ActiveCfg = Debug|Any CPU
		{C493F6E3-3ABF-4A76-9A17-818BC65EC133}.Debug|x86.Build.0 = Debug|Any CPU
		{C493F6E3-3ABF-4A76-9A17-818BC65EC133}.Release|Any CPU.ActiveCfg = Release|Any CPU
		{C493F6E3-3ABF-4A76-9A17-818BC65EC133}.Release|Any CPU.Build.0 = Release|Any CPU
		{C493F6E3-3ABF-4A76-9A17-818BC65EC133}.Release|x64.ActiveCfg = Release|Any CPU
		{C493F6E3-3ABF-4A76-9A17-818BC65EC133}.Release|x64.Build.0 = Release|Any CPU
		{C493F6E3-3ABF-4A76-9A17-818BC65EC133}.Release|x86.ActiveCfg = Release|Any CPU
		{C493F6E3-3ABF-4A76-9A17-818BC65EC133}.Release|x86.Build.0 = Release|Any CPU
		{1BC36C3C-5C63-4009-BC41-581E3FCB3186}.Debug|Any CPU.ActiveCfg = Debug|Any CPU
		{1BC36C3C-5C63-4009-BC41-581E3FCB3186}.Debug|Any CPU.Build.0 = Debug|Any CPU
		{1BC36C3C-5C63-4009-BC41-581E3FCB3186}.Debug|x64.ActiveCfg = Debug|Any CPU
		{1BC36C3C-5C63-4009-BC41-581E3FCB3186}.Debug|x64.Build.0 = Debug|Any CPU
		{1BC36C3C-5C63-4009-BC41-581E3FCB3186}.Debug|x86.ActiveCfg = Debug|Any CPU
		{1BC36C3C-5C63-4009-BC41-581E3FCB3186}.Debug|x86.Build.0 = Debug|Any CPU
		{1BC36C3C-5C63-4009-BC41-581E3FCB3186}.Release|Any CPU.ActiveCfg = Release|Any CPU
		{1BC36C3C-5C63-4009-BC41-581E3FCB3186}.Release|Any CPU.Build.0 = Release|Any CPU
		{1BC36C3C-5C63-4009-BC41-581E3FCB3186}.Release|x64.ActiveCfg = Release|Any CPU
		{1BC36C3C-5C63-4009-BC41-581E3FCB3186}.Release|x64.Build.0 = Release|Any CPU
		{1BC36C3C-5C63-4009-BC41-581E3FCB3186}.Release|x86.ActiveCfg = Release|Any CPU
		{1BC36C3C-5C63-4009-BC41-581E3FCB3186}.Release|x86.Build.0 = Release|Any CPU
	EndGlobalSection
	GlobalSection(SolutionProperties) = preSolution
		HideSolutionNode = FALSE
	EndGlobalSection
	GlobalSection(NestedProjects) = preSolution
		{C493F6E3-3ABF-4A76-9A17-818BC65EC133} = {827E0CD3-B72D-47B6-A68D-7590B98EB39B}
		{1BC36C3C-5C63-4009-BC41-581E3FCB3186} = {0AB3BF05-4346-4AA6-1389-037BE0695223}
	EndGlobalSection
EndGlobal
